
Microsoft Visual Studio Solution File, Format Version 12.00
# Visual Studio Version 16
VisualStudioVersion = 16.0.31911.196
MinimumVisualStudioVersion = 10.0.40219.1
Project("{FAE04EC0-301F-11D3-BF4B-00C04F79EFBC}") = "test", "test\test.csproj", "{741DF856-27AC-47DB-BB96-F53218112082}"
EndProject
Global
	GlobalSection(SolutionConfigurationPlatforms) = preSolution
		Debug|Any CPU = Debug|Any CPU
		Release|Any CPU = Release|Any CPU
	EndGlobalSection
	GlobalSection(ProjectConfigurationPlatforms) = postSolution
		{741DF856-27AC-47DB-BB96-F53218112082}.Debug|Any CPU.ActiveCfg = Debug|Any CPU
		{741DF856-27AC-47DB-BB96-F53218112082}.Debug|Any CPU.Build.0 = Debug|Any CPU
		{741DF856-27AC-47DB-BB96-F53218112082}.Release|Any CPU.ActiveCfg = Release|Any CPU
		{741DF856-27AC-47DB-BB96-F53218112082}.Release|Any CPU.Build.0 = Release|Any CPU
	EndGlobalSection
	GlobalSection(SolutionProperties) = preSolution
		HideSolutionNode = FALSE
	EndGlobalSection
	GlobalSection(ExtensibilityGlobals) = postSolution
		SolutionGuid = {80F78D9F-CD58-4E23-A279-C7BA5928D7FF}
	EndGlobalSection
EndGlobal
